<Project xmlns="http://schemas.microsoft.com/developer/msbuild/2003">
    <PropertyGroup>
        <ProjectGuid>{64BE6FD2-1169-45DB-9673-8BB279386C4C}</ProjectGuid>
        <MainSource>aureliusxe3.dpk</MainSource>
        <ProjectVersion>14.3</ProjectVersion>
        <FrameworkType>None</FrameworkType>
        <Base>True</Base>
        <Config Condition="'$(Config)'==''">Debug</Config>
        <Platform Condition="'$(Platform)'==''">Win32</Platform>
        <TargetedPlatforms>7</TargetedPlatforms>
        <AppType>Package</AppType>
    </PropertyGroup>
    <PropertyGroup Condition="'$(Config)'=='Base' or '$(Base)'!=''">
        <Base>true</Base>
    </PropertyGroup>
    <PropertyGroup Condition="('$(Platform)'=='OSX32' and '$(Base)'=='true') or '$(Base_OSX32)'!=''">
        <Base_OSX32>true</Base_OSX32>
        <CfgParent>Base</CfgParent>
        <Base>true</Base>
    </PropertyGroup>
    <PropertyGroup Condition="('$(Platform)'=='Win32' and '$(Base)'=='true') or '$(Base_Win32)'!=''">
        <Base_Win32>true</Base_Win32>
        <CfgParent>Base</CfgParent>
        <Base>true</Base>
    </PropertyGroup>
    <PropertyGroup Condition="('$(Platform)'=='Win64' and '$(Base)'=='true') or '$(Base_Win64)'!=''">
        <Base_Win64>true</Base_Win64>
        <CfgParent>Base</CfgParent>
        <Base>true</Base>
    </PropertyGroup>
    <PropertyGroup Condition="'$(Config)'=='Debug' or '$(Cfg_1)'!=''">
        <Cfg_1>true</Cfg_1>
        <CfgParent>Base</CfgParent>
        <Base>true</Base>
    </PropertyGroup>
    <PropertyGroup Condition="('$(Platform)'=='OSX32' and '$(Cfg_1)'=='true') or '$(Cfg_1_OSX32)'!=''">
        <Cfg_1_OSX32>true</Cfg_1_OSX32>
        <CfgParent>Cfg_1</CfgParent>
        <Cfg_1>true</Cfg_1>
        <Base>true</Base>
    </PropertyGroup>
    <PropertyGroup Condition="('$(Platform)'=='Win32' and '$(Cfg_1)'=='true') or '$(Cfg_1_Win32)'!=''">
        <Cfg_1_Win32>true</Cfg_1_Win32>
        <CfgParent>Cfg_1</CfgParent>
        <Cfg_1>true</Cfg_1>
        <Base>true</Base>
    </PropertyGroup>
    <PropertyGroup Condition="('$(Platform)'=='Win64' and '$(Cfg_1)'=='true') or '$(Cfg_1_Win64)'!=''">
        <Cfg_1_Win64>true</Cfg_1_Win64>
        <CfgParent>Cfg_1</CfgParent>
        <Cfg_1>true</Cfg_1>
        <Base>true</Base>
    </PropertyGroup>
    <PropertyGroup Condition="'$(Config)'=='Release' or '$(Cfg_2)'!=''">
        <Cfg_2>true</Cfg_2>
        <CfgParent>Base</CfgParent>
        <Base>true</Base>
    </PropertyGroup>
    <PropertyGroup Condition="('$(Platform)'=='OSX32' and '$(Cfg_2)'=='true') or '$(Cfg_2_OSX32)'!=''">
        <Cfg_2_OSX32>true</Cfg_2_OSX32>
        <CfgParent>Cfg_2</CfgParent>
        <Cfg_2>true</Cfg_2>
        <Base>true</Base>
    </PropertyGroup>
    <PropertyGroup Condition="('$(Platform)'=='Win32' and '$(Cfg_2)'=='true') or '$(Cfg_2_Win32)'!=''">
        <Cfg_2_Win32>true</Cfg_2_Win32>
        <CfgParent>Cfg_2</CfgParent>
        <Cfg_2>true</Cfg_2>
        <Base>true</Base>
    </PropertyGroup>
    <PropertyGroup Condition="('$(Platform)'=='Win64' and '$(Cfg_2)'=='true') or '$(Cfg_2_Win64)'!=''">
        <Cfg_2_Win64>true</Cfg_2_Win64>
        <CfgParent>Cfg_2</CfgParent>
        <Cfg_2>true</Cfg_2>
        <Base>true</Base>
    </PropertyGroup>
    <PropertyGroup Condition="'$(Config)'=='Trial' or '$(Cfg_3)'!=''">
        <Cfg_3>true</Cfg_3>
        <CfgParent>Cfg_2</CfgParent>
        <Cfg_2>true</Cfg_2>
        <Base>true</Base>
    </PropertyGroup>
    <PropertyGroup Condition="('$(Platform)'=='OSX32' and '$(Cfg_3)'=='true') or '$(Cfg_3_OSX32)'!=''">
        <Cfg_3_OSX32>true</Cfg_3_OSX32>
        <CfgParent>Cfg_3</CfgParent>
        <Cfg_3>true</Cfg_3>
        <Cfg_2>true</Cfg_2>
        <Base>true</Base>
    </PropertyGroup>
    <PropertyGroup Condition="('$(Platform)'=='Win32' and '$(Cfg_3)'=='true') or '$(Cfg_3_Win32)'!=''">
        <Cfg_3_Win32>true</Cfg_3_Win32>
        <CfgParent>Cfg_3</CfgParent>
        <Cfg_3>true</Cfg_3>
        <Cfg_2>true</Cfg_2>
        <Base>true</Base>
    </PropertyGroup>
    <PropertyGroup Condition="('$(Platform)'=='Win64' and '$(Cfg_3)'=='true') or '$(Cfg_3_Win64)'!=''">
        <Cfg_3_Win64>true</Cfg_3_Win64>
        <CfgParent>Cfg_3</CfgParent>
        <Cfg_3>true</Cfg_3>
        <Cfg_2>true</Cfg_2>
        <Base>true</Base>
    </PropertyGroup>
    <PropertyGroup Condition="'$(Base)'!=''">
        <RuntimeOnlyPackage>true</RuntimeOnlyPackage>
        <DCC_OutputNeverBuildDcps>true</DCC_OutputNeverBuildDcps>
        <DCC_BplOutput>..\library\bpl\$(Platform)</DCC_BplOutput>
        <DCC_DcpOutput>..\library\dcp\$(Platform)</DCC_DcpOutput>
        <VerInfo_Keys>CompanyName=;FileDescription=;FileVersion=1.0.0.0;InternalName=;LegalCopyright=;LegalTrademarks=;OriginalFilename=;ProductName=;ProductVersion=1.0.0.0;Comments=</VerInfo_Keys>
        <GenPackage>true</GenPackage>
        <VerInfo_Locale>1033</VerInfo_Locale>
        <DCC_Namespace>System;Xml;Data;Datasnap;Web;Soap;$(DCC_Namespace)</DCC_Namespace>
        <DCC_Description>TMS Aurelius - Core Package</DCC_Description>
        <GenDll>true</GenDll>
        <DCC_DcuOutput>..\library\dxe3\$(Platform)\$(Config)</DCC_DcuOutput>
        <DCC_E>false</DCC_E>
        <DCC_N>false</DCC_N>
        <DCC_S>false</DCC_S>
        <DCC_F>false</DCC_F>
        <DCC_K>false</DCC_K>
    </PropertyGroup>
    <PropertyGroup Condition="'$(Base_OSX32)'!=''">
        <Debugger_Launcher>/usr/X11/bin/xterm -e &quot;%debuggee%&quot;</Debugger_Launcher>
        <VerInfo_Keys>CFBundleName=$(MSBuildProjectName);CFBundleDisplayName=$(MSBuildProjectName);CFBundleIdentifier=$(MSBuildProjectName);CFBundleVersion=1.0.0.0;CFBundlePackageType=APPL;CFBundleSignature=????;CFBundleAllowMixedLocalizations=YES;CFBundleExecutable=$(MSBuildProjectName)</VerInfo_Keys>
    </PropertyGroup>
    <PropertyGroup Condition="'$(Base_Win32)'!=''">
        <VerInfo_IncludeVerInfo>true</VerInfo_IncludeVerInfo>
        <DCC_Namespace>Winapi;System.Win;Data.Win;Datasnap.Win;Web.Win;Soap.Win;Xml.Win;Bde;$(DCC_Namespace)</DCC_Namespace>
    </PropertyGroup>
    <PropertyGroup Condition="'$(Base_Win64)'!=''">
        <DCC_Namespace>Winapi;System.Win;Data.Win;Datasnap.Win;Web.Win;Soap.Win;Xml.Win;$(DCC_Namespace)</DCC_Namespace>
        <VerInfo_IncludeVerInfo>true</VerInfo_IncludeVerInfo>
    </PropertyGroup>
    <PropertyGroup Condition="'$(Cfg_1)'!=''">
        <DCC_Define>DEBUG;$(DCC_Define)</DCC_Define>
        <DCC_Optimize>false</DCC_Optimize>
        <DCC_GenerateStackFrames>true</DCC_GenerateStackFrames>
        <DCC_DebugInfoInExe>true</DCC_DebugInfoInExe>
        <DCC_RemoteDebug>true</DCC_RemoteDebug>
    </PropertyGroup>
    <PropertyGroup Condition="'$(Cfg_1_OSX32)'!=''">
        <VerInfo_Keys>CFBundleName=$(MSBuildProjectName);CFBundleDisplayName=$(MSBuildProjectName);CFBundleIdentifier=$(MSBuildProjectName);CFBundleVersion=1.0.0.0;CFBundlePackageType=APPL;CFBundleSignature=????;CFBundleAllowMixedLocalizations=YES;CFBundleExecutable=$(MSBuildProjectName)</VerInfo_Keys>
    </PropertyGroup>
    <PropertyGroup Condition="'$(Cfg_1_Win32)'!=''">
        <VerInfo_IncludeVerInfo>true</VerInfo_IncludeVerInfo>
        <DCC_RemoteDebug>false</DCC_RemoteDebug>
    </PropertyGroup>
    <PropertyGroup Condition="'$(Cfg_1_Win64)'!=''">
        <VerInfo_IncludeVerInfo>true</VerInfo_IncludeVerInfo>
    </PropertyGroup>
    <PropertyGroup Condition="'$(Cfg_2)'!=''">
        <DCC_LocalDebugSymbols>false</DCC_LocalDebugSymbols>
        <DCC_Define>RELEASE;$(DCC_Define)</DCC_Define>
        <DCC_SymbolReferenceInfo>0</DCC_SymbolReferenceInfo>
        <DCC_DebugInformation>false</DCC_DebugInformation>
    </PropertyGroup>
    <PropertyGroup Condition="'$(Cfg_2_OSX32)'!=''">
        <VerInfo_Keys>CFBundleName=$(MSBuildProjectName);CFBundleDisplayName=$(MSBuildProjectName);CFBundleIdentifier=$(MSBuildProjectName);CFBundleVersion=1.0.0.0;CFBundlePackageType=APPL;CFBundleSignature=????;CFBundleAllowMixedLocalizations=YES;CFBundleExecutable=$(MSBuildProjectName)</VerInfo_Keys>
    </PropertyGroup>
    <PropertyGroup Condition="'$(Cfg_2_Win32)'!=''">
        <VerInfo_IncludeVerInfo>true</VerInfo_IncludeVerInfo>
    </PropertyGroup>
    <PropertyGroup Condition="'$(Cfg_2_Win64)'!=''">
        <VerInfo_IncludeVerInfo>true</VerInfo_IncludeVerInfo>
    </PropertyGroup>
    <PropertyGroup Condition="'$(Cfg_3)'!=''">
        <DCC_Define>TRIAL;$(DCC_Define)</DCC_Define>
    </PropertyGroup>
    <PropertyGroup Condition="'$(Cfg_3_OSX32)'!=''">
        <VerInfo_Keys>CFBundleName=$(MSBuildProjectName);CFBundleDisplayName=$(MSBuildProjectName);CFBundleIdentifier=$(MSBuildProjectName);CFBundleVersion=1.0.0.0;CFBundlePackageType=APPL;CFBundleSignature=????;CFBundleAllowMixedLocalizations=YES;CFBundleExecutable=$(MSBuildProjectName)</VerInfo_Keys>
    </PropertyGroup>
    <PropertyGroup Condition="'$(Cfg_3_Win32)'!=''">
        <VerInfo_IncludeVerInfo>true</VerInfo_IncludeVerInfo>
    </PropertyGroup>
    <PropertyGroup Condition="'$(Cfg_3_Win64)'!=''">
        <VerInfo_IncludeVerInfo>true</VerInfo_IncludeVerInfo>
    </PropertyGroup>
    <ItemGroup>
        <DelphiCompile Include="$(MainSource)">
            <MainSource>MainSource</MainSource>
        </DelphiCompile>
        <DCCReference Include="rtl.dcp"/>
        <DCCReference Include="dbrtl.dcp"/>
        <DCCReference Include="bindengine.dcp"/>
        <DCCReference Include="core\Aurelius.Bind.Dataset.pas"/>
        <DCCReference Include="core\Aurelius.Bind.Exceptions.pas"/>
        <DCCReference Include="core\Aurelius.Commands.AbstractCommandPerformer.pas"/>
        <DCCReference Include="core\Aurelius.Commands.CommandPerformerFactory.pas"/>
        <DCCReference Include="core\Aurelius.Commands.Deleter.pas"/>
        <DCCReference Include="core\Aurelius.Commands.Exceptions.pas"/>
        <DCCReference Include="core\Aurelius.Commands.ForeignKeyCreator.pas"/>
        <DCCReference Include="core\Aurelius.Commands.Inserter.pas"/>
        <DCCReference Include="core\Aurelius.Commands.Listeners.pas"/>
        <DCCReference Include="core\Aurelius.Commands.Selecter.pas"/>
        <DCCReference Include="core\Aurelius.Commands.SequenceCreator.pas"/>
        <DCCReference Include="core\Aurelius.Commands.TableCreator.pas"/>
        <DCCReference Include="core\Aurelius.Commands.Updater.pas"/>
        <DCCReference Include="core\Aurelius.Criteria.Base.pas"/>
        <DCCReference Include="core\Aurelius.Criteria.Dictionary.pas"/>
        <DCCReference Include="core\Aurelius.Criteria.Exceptions.pas"/>
        <DCCReference Include="core\Aurelius.Criteria.Expression.pas"/>
        <DCCReference Include="core\Aurelius.Criteria.Linq.pas"/>
        <DCCReference Include="core\Aurelius.Criteria.Projections.pas"/>
        <DCCReference Include="core\Aurelius.Drivers.Base.pas"/>
        <DCCReference Include="core\Aurelius.Drivers.Exceptions.pas"/>
        <DCCReference Include="core\Aurelius.Drivers.Interfaces.pas"/>
        <DCCReference Include="core\Aurelius.Drivers.SQLite.Classes.pas"/>
        <DCCReference Include="core\Aurelius.Drivers.SQLite.Import.pas"/>
        <DCCReference Include="core\Aurelius.Drivers.SQLite.pas"/>
        <DCCReference Include="core\Aurelius.Engine.AbstractManager.pas"/>
        <DCCReference Include="core\Aurelius.Engine.DatabaseManager.pas"/>
        <DCCReference Include="core\Aurelius.Engine.Exceptions.pas"/>
        <DCCReference Include="core\Aurelius.Engine.ObjectFactory.pas"/>
        <DCCReference Include="core\Aurelius.Engine.ObjectManager.pas"/>
        <DCCReference Include="core\Aurelius.Engine.ObjectMap.pas"/>
        <DCCReference Include="core\Aurelius.Global.Config.pas"/>
        <DCCReference Include="core\Aurelius.Global.Exceptions.pas"/>
        <DCCReference Include="core\Aurelius.Global.Utils.pas"/>
        <DCCReference Include="core\Aurelius.Id.AbstractGenerator.pas"/>
        <DCCReference Include="core\Aurelius.Id.Exceptions.pas"/>
        <DCCReference Include="core\Aurelius.Id.Guid.pas"/>
        <DCCReference Include="core\Aurelius.Id.IdentifierGenerator.pas"/>
        <DCCReference Include="core\Aurelius.Id.IdentityOrSequence.pas"/>
        <DCCReference Include="core\Aurelius.Id.Uuid.pas"/>
        <DCCReference Include="core\Aurelius.Json.Deserializer.pas"/>
        <DCCReference Include="core\Aurelius.Json.Exceptions.pas"/>
        <DCCReference Include="core\Aurelius.Json.Interfaces.pas"/>
        <DCCReference Include="core\Aurelius.Json.Serializer.pas"/>
        <DCCReference Include="core\Aurelius.Json.Settings.pas"/>
        <DCCReference Include="core\Aurelius.Mapping.Attributes.pas"/>
        <DCCReference Include="core\Aurelius.Mapping.AttributeStrategy.pas"/>
        <DCCReference Include="core\Aurelius.Mapping.AutoMapping.pas"/>
        <DCCReference Include="core\Aurelius.Mapping.ClassHierarchyExplorer.pas"/>
        <DCCReference Include="core\Aurelius.Mapping.Exceptions.pas"/>
        <DCCReference Include="core\Aurelius.Mapping.Explorer.pas"/>
        <DCCReference Include="core\Aurelius.Mapping.MappedClasses.pas"/>
        <DCCReference Include="core\Aurelius.Mapping.Metadata.pas"/>
        <DCCReference Include="core\Aurelius.Mapping.Optimization.pas"/>
        <DCCReference Include="core\Aurelius.Mapping.RttiUtils.pas"/>
        <DCCReference Include="core\Aurelius.Mapping.Setup.pas"/>
        <DCCReference Include="core\Aurelius.Mapping.Strategy.pas"/>
        <DCCReference Include="core\Aurelius.Sql.AbsoluteDB.pas"/>
        <DCCReference Include="core\Aurelius.Sql.AbstractSqlGenerator.pas"/>
        <DCCReference Include="core\Aurelius.Sql.AnsiSqlGenerator.pas"/>
        <DCCReference Include="core\Aurelius.Sql.BaseTypes.pas"/>
        <DCCReference Include="core\Aurelius.Sql.Commands.pas"/>
        <DCCReference Include="core\Aurelius.Sql.DB2.pas"/>
        <DCCReference Include="core\Aurelius.Sql.ElevateDB.pas"/>
        <DCCReference Include="core\Aurelius.Sql.Exceptions.pas"/>
        <DCCReference Include="core\Aurelius.Sql.Firebird.pas"/>
        <DCCReference Include="core\Aurelius.Sql.Interbase.pas"/>
        <DCCReference Include="core\Aurelius.Sql.Interfaces.pas"/>
        <DCCReference Include="core\Aurelius.Sql.MSSQL.pas"/>
        <DCCReference Include="core\Aurelius.Sql.MySQL.pas"/>
        <DCCReference Include="core\Aurelius.Sql.NexusDB.pas"/>
        <DCCReference Include="core\Aurelius.Sql.Oracle.pas"/>
        <DCCReference Include="core\Aurelius.Sql.PostgreSQL.pas"/>
        <DCCReference Include="core\Aurelius.Sql.Register.pas"/>
        <DCCReference Include="core\Aurelius.Sql.SQLite.pas"/>
        <DCCReference Include="core\Aurelius.Types.Blob.pas"/>
        <DCCReference Include="core\Aurelius.Types.DynamicProperties.pas"/>
        <DCCReference Include="core\Aurelius.Types.Exceptions.pas"/>
        <DCCReference Include="core\Aurelius.Types.MasterObjectValue.pas"/>
        <DCCReference Include="core\Aurelius.Types.Nullable.pas"/>
        <DCCReference Include="core\Aurelius.Types.Proxy.pas"/>
        <BuildConfiguration Include="Release">
            <Key>Cfg_2</Key>
            <CfgParent>Base</CfgParent>
        </BuildConfiguration>
        <BuildConfiguration Include="Trial">
            <Key>Cfg_3</Key>
            <CfgParent>Cfg_2</CfgParent>
        </BuildConfiguration>
        <BuildConfiguration Include="Base">
            <Key>Base</Key>
        </BuildConfiguration>
        <BuildConfiguration Include="Debug">
            <Key>Cfg_1</Key>
            <CfgParent>Base</CfgParent>
        </BuildConfiguration>
    </ItemGroup>
    <ProjectExtensions>
        <Borland.Personality>Delphi.Personality.12</Borland.Personality>
        <Borland.ProjectType>Package</Borland.ProjectType>
        <BorlandProject>
            <Delphi.Personality>
                <Source>
                    <Source Name="MainSource">aureliusxe3.dpk</Source>
                </Source>
                <VersionInfo>
                    <VersionInfo Name="IncludeVerInfo">True</VersionInfo>
                    <VersionInfo Name="AutoIncBuild">False</VersionInfo>
                    <VersionInfo Name="MajorVer">1</VersionInfo>
                    <VersionInfo Name="MinorVer">0</VersionInfo>
                    <VersionInfo Name="Release">0</VersionInfo>
                    <VersionInfo Name="Build">0</VersionInfo>
                    <VersionInfo Name="Debug">False</VersionInfo>
                    <VersionInfo Name="PreRelease">False</VersionInfo>
                    <VersionInfo Name="Special">False</VersionInfo>
                    <VersionInfo Name="Private">False</VersionInfo>
                    <VersionInfo Name="DLL">False</VersionInfo>
                    <VersionInfo Name="Locale">1033</VersionInfo>
                    <VersionInfo Name="CodePage">1252</VersionInfo>
                </VersionInfo>
                <VersionInfoKeys>
                    <VersionInfoKeys Name="CompanyName"/>
                    <VersionInfoKeys Name="FileDescription"/>
                    <VersionInfoKeys Name="FileVersion">1.0.0.0</VersionInfoKeys>
                    <VersionInfoKeys Name="InternalName"/>
                    <VersionInfoKeys Name="LegalCopyright"/>
                    <VersionInfoKeys Name="LegalTrademarks"/>
                    <VersionInfoKeys Name="OriginalFilename"/>
                    <VersionInfoKeys Name="ProductName"/>
                    <VersionInfoKeys Name="ProductVersion">1.0.0.0</VersionInfoKeys>
                    <VersionInfoKeys Name="Comments"/>
                </VersionInfoKeys>
                <Excluded_Packages>
                    <Excluded_Packages Name="$(BDSBIN)\bcboffice2k170.bpl">Embarcadero C++Builder Office 2000 Servers Package</Excluded_Packages>
                    <Excluded_Packages Name="$(BDSBIN)\bcbofficexp170.bpl">Embarcadero C++Builder Office XP Servers Package</Excluded_Packages>
                    <Excluded_Packages Name="$(BDSBIN)\dcloffice2k170.bpl">Microsoft Office 2000 Sample Automation Server Wrapper Components</Excluded_Packages>
                    <Excluded_Packages Name="$(BDSBIN)\dclofficexp170.bpl">Microsoft Office XP Sample Automation Server Wrapper Components</Excluded_Packages>
                </Excluded_Packages>
            </Delphi.Personality>
            <Deployment/>
            <Platforms>
                <Platform value="OSX32">True</Platform>
                <Platform value="Win32">True</Platform>
                <Platform value="Win64">True</Platform>
            </Platforms>
        </BorlandProject>
        <ProjectFileVersion>12</ProjectFileVersion>
    </ProjectExtensions>
    <Import Condition="Exists('$(BDS)\Bin\CodeGear.Delphi.Targets')" Project="$(BDS)\Bin\CodeGear.Delphi.Targets"/>
    <Import Condition="Exists('$(APPDATA)\Embarcadero\$(BDSAPPDATABASEDIR)\$(PRODUCTVERSION)\UserTools.proj')" Project="$(APPDATA)\Embarcadero\$(BDSAPPDATABASEDIR)\$(PRODUCTVERSION)\UserTools.proj"/>
</Project>
